
Microsoft Visual Studio Solution File, Format Version 12.00
# Visual Studio Version 17
VisualStudioVersion = 17.0.31903.59
MinimumVisualStudioVersion = 10.0.40219.1
Project("{FAE04EC0-301F-11D3-BF4B-00C04F79EFBC}") = "Resturant.API", "Resturant.API\Resturant.API.csproj", "{2FA5DCAA-FDC3-4CB0-9BD9-A3CAF19877A1}"
EndProject
Project("{FAE04EC0-301F-11D3-BF4B-00C04F79EFBC}") = "ClassLibrary1", "ClassLibrary1\ClassLibrary1.csproj", "{6934BD0D-FAF8-46D2-95C2-698F6AB77ED5}"
EndProject
Global
	GlobalSection(SolutionConfigurationPlatforms) = preSolution
		Debug|Any CPU = Debug|Any CPU
		Release|Any CPU = Release|Any CPU
	EndGlobalSection
	GlobalSection(SolutionProperties) = preSolution
		HideSolutionNode = FALSE
	EndGlobalSection
	GlobalSection(ProjectConfigurationPlatforms) = postSolution
		{2FA5DCAA-FDC3-4CB0-9BD9-A3CAF19877A1}.Debug|Any CPU.ActiveCfg = Debug|Any CPU
		{2FA5DCAA-FDC3-4CB0-9BD9-A3CAF19877A1}.Debug|Any CPU.Build.0 = Debug|Any CPU
		{2FA5DCAA-FDC3-4CB0-9BD9-A3CAF19877A1}.Release|Any CPU.ActiveCfg = Release|Any CPU
		{2FA5DCAA-FDC3-4CB0-9BD9-A3CAF19877A1}.Release|Any CPU.Build.0 = Release|Any CPU
		{6934BD0D-FAF8-46D2-95C2-698F6AB77ED5}.Debug|Any CPU.ActiveCfg = Debug|Any CPU
		{6934BD0D-FAF8-46D2-95C2-698F6AB77ED5}.Debug|Any CPU.Build.0 = Debug|Any CPU
		{6934BD0D-FAF8-46D2-95C2-698F6AB77ED5}.Release|Any CPU.ActiveCfg = Release|Any CPU
		{6934BD0D-FAF8-46D2-95C2-698F6AB77ED5}.Release|Any CPU.Build.0 = Release|Any CPU
	EndGlobalSection
EndGlobal
